
Microsoft Visual Studio Solution File, Format Version 12.00
# Visual Studio Version 17
VisualStudioVersion = 17.7.34031.279
MinimumVisualStudioVersion = 10.0.40219.1
Project("{FAE04EC0-301F-11D3-BF4B-00C04F79EFBC}") = "ToDo.Telegram.Bot", "ToDo.Telegram.Bot.csproj", "{94B2562B-7F57-42DD-9026-9B083A04F496}"
EndProject
Global
	GlobalSection(SolutionConfigurationPlatforms) = preSolution
		Debug|Any CPU = Debug|Any CPU
		Release|Any CPU = Release|Any CPU
	EndGlobalSection
	GlobalSection(ProjectConfigurationPlatforms) = postSolution
		{94B2562B-7F57-42DD-9026-9B083A04F496}.Debug|Any CPU.ActiveCfg = Debug|Any CPU
		{94B2562B-7F57-42DD-9026-9B083A04F496}.Debug|Any CPU.Build.0 = Debug|Any CPU
		{94B2562B-7F57-42DD-9026-9B083A04F496}.Release|Any CPU.ActiveCfg = Release|Any CPU
		{94B2562B-7F57-42DD-9026-9B083A04F496}.Release|Any CPU.Build.0 = Release|Any CPU
	EndGlobalSection
	GlobalSection(SolutionProperties) = preSolution
		HideSolutionNode = FALSE
	EndGlobalSection
	GlobalSection(ExtensibilityGlobals) = postSolution
		SolutionGuid = {758DA324-3BC5-4EB6-85D6-21199E1E1881}
	EndGlobalSection
EndGlobal
